{
  "name": "crystal-book",
  "version": "1.0.0",
  "lockfileVersion": 1,
  "requires": true,
  "dependencies": {
    "gitbook-plugin-ga": {
      "version": "1.0.1",
      "resolved": "https://registry.npmjs.org/gitbook-plugin-ga/-/gitbook-plugin-ga-1.0.1.tgz",
      "integrity": "sha1-yF17jAFkDEuz3DsjGrn+dKpuUhs=",
      "dev": true
    }
  }
}
